// !$*UTF8*$!
{
	archiveVersion = 1;
	classes = {
	};
	objectVersion = 55;
	objects = {

/* Begin PBXBuildFile section */
		EC60C5BD270F8442000ABB01 /* Tests_iOS.swift in Sources */ = {isa = PBXBuildFile; fileRef = EC60C5BC270F8442000ABB01 /* Tests_iOS.swift */; };
		EC60C5BF270F8442000ABB01 /* Tests_iOSLaunchTests.swift in Sources */ = {isa = PBXBuildFile; fileRef = EC60C5BE270F8442000ABB01 /* Tests_iOSLaunchTests.swift */; };
		EC60C5C9270F8442000ABB01 /* Tests_macOS.swift in Sources */ = {isa = PBXBuildFile; fileRef = EC60C5C8270F8442000ABB01 /* Tests_macOS.swift */; };
		EC60C5CB270F8442000ABB01 /* Tests_macOSLaunchTests.swift in Sources */ = {isa = PBXBuildFile; fileRef = EC60C5CA270F8442000ABB01 /* Tests_macOSLaunchTests.swift */; };
		EC60C5CC270F8442000ABB01 /* playgroundApp.swift in Sources */ = {isa = PBXBuildFile; fileRef = EC60C5A4270F8441000ABB01 /* playgroundApp.swift */; };
		EC60C5CD270F8442000ABB01 /* playgroundApp.swift in Sources */ = {isa = PBXBuildFile; fileRef = EC60C5A4270F8441000ABB01 /* playgroundApp.swift */; };
		EC60C5CE270F8442000ABB01 /* ContentView.swift in Sources */ = {isa = PBXBuildFile; fileRef = EC60C5A5270F8441000ABB01 /* ContentView.swift */; };
		EC60C5CF270F8442000ABB01 /* ContentView.swift in Sources */ = {isa = PBXBuildFile; fileRef = EC60C5A5270F8441000ABB01 /* ContentView.swift */; };
		EC60C5D0270F8442000ABB01 /* Assets.xcassets in Resources */ = {isa = PBXBuildFile; fileRef = EC60C5A6270F8442000ABB01 /* Assets.xcassets */; };
		EC60C5D1270F8442000ABB01 /* Assets.xcassets in Resources */ = {isa = PBXBuildFile; fileRef = EC60C5A6270F8442000ABB01 /* Assets.xcassets */; };
/* End PBXBuildFile section */

/* Begin PBXContainerItemProxy section */
		EC60C5B9270F8442000ABB01 /* PBXContainerItemProxy */ = {
			isa = PBXContainerItemProxy;
			containerPortal = EC60C59F270F8441000ABB01 /* Project object */;
			proxyType = 1;
			remoteGlobalIDString = EC60C5AA270F8442000ABB01;
			remoteInfo = "playground (iOS)";
		};
		EC60C5C5270F8442000ABB01 /* PBXContainerItemProxy */ = {
			isa = PBXContainerItemProxy;
			containerPortal = EC60C59F270F8441000ABB01 /* Project object */;
			proxyType = 1;
			remoteGlobalIDString = EC60C5B0270F8442000ABB01;
			remoteInfo = "playground (macOS)";
		};
/* End PBXContainerItemProxy section */

/* Begin PBXFileReference section */
		EC60C5A4270F8441000ABB01 /* playgroundApp.swift */ = {isa = PBXFileReference; lastKnownFileType = sourcecode.swift; path = playgroundApp.swift; sourceTree = "<group>"; };
		EC60C5A5270F8441000ABB01 /* ContentView.swift */ = {isa = PBXFileReference; lastKnownFileType = sourcecode.swift; path = ContentView.swift; sourceTree = "<group>"; };
		EC60C5A6270F8442000ABB01 /* Assets.xcassets */ = {isa = PBXFileReference; lastKnownFileType = folder.assetcatalog; path = Assets.xcassets; sourceTree = "<group>"; };
		EC60C5AB270F8442000ABB01 /* playground.app */ = {isa = PBXFileReference; explicitFileType = wrapper.application; includeInIndex = 0; path = playground.app; sourceTree = BUILT_PRODUCTS_DIR; };
		EC60C5B1270F8442000ABB01 /* playground.app */ = {isa = PBXFileReference; explicitFileType = wrapper.application; includeInIndex = 0; path = playground.app; sourceTree = BUILT_PRODUCTS_DIR; };
		EC60C5B3270F8442000ABB01 /* macOS.entitlements */ = {isa = PBXFileReference; lastKnownFileType = text.plist.entitlements; path = macOS.entitlements; sourceTree = "<group>"; };
		EC60C5B8270F8442000ABB01 /* Tests iOS.xctest */ = {isa = PBXFileReference; explicitFileType = wrapper.cfbundle; includeInIndex = 0; path = "Tests iOS.xctest"; sourceTree = BUILT_PRODUCTS_DIR; };
		EC60C5BC270F8442000ABB01 /* Tests_iOS.swift */ = {isa = PBXFileReference; lastKnownFileType = sourcecode.swift; path = Tests_iOS.swift; sourceTree = "<group>"; };
		EC60C5BE270F8442000ABB01 /* Tests_iOSLaunchTests.swift */ = {isa = PBXFileReference; lastKnownFileType = sourcecode.swift; path = Tests_iOSLaunchTests.swift; sourceTree = "<group>"; };
		EC60C5C4270F8442000ABB01 /* Tests macOS.xctest */ = {isa = PBXFileReference; explicitFileType = wrapper.cfbundle; includeInIndex = 0; path = "Tests macOS.xctest"; sourceTree = BUILT_PRODUCTS_DIR; };
		EC60C5C8270F8442000ABB01 /* Tests_macOS.swift */ = {isa = PBXFileReference; lastKnownFileType = sourcecode.swift; path = Tests_macOS.swift; sourceTree = "<group>"; };
		EC60C5CA270F8442000ABB01 /* Tests_macOSLaunchTests.swift */ = {isa = PBXFileReference; lastKnownFileType = sourcecode.swift; path = Tests_macOSLaunchTests.swift; sourceTree = "<group>"; };
/* End PBXFileReference section */

/* Begin PBXFrameworksBuildPhase section */
		EC60C5A8270F8442000ABB01 /* Frameworks */ = {
			isa = PBXFrameworksBuildPhase;
			buildActionMask = 2147483647;
			files = (
			);
			runOnlyForDeploymentPostprocessing = 0;
		};
		EC60C5AE270F8442000ABB01 /* Frameworks */ = {
			isa = PBXFrameworksBuildPhase;
			buildActionMask = 2147483647;
			files = (
			);
			runOnlyForDeploymentPostprocessing = 0;
		};
		EC60C5B5270F8442000ABB01 /* Frameworks */ = {
			isa = PBXFrameworksBuildPhase;
			buildActionMask = 2147483647;
			files = (
			);
			runOnlyForDeploymentPostprocessing = 0;
		};
		EC60C5C1270F8442000ABB01 /* Frameworks */ = {
			isa = PBXFrameworksBuildPhase;
			buildActionMask = 2147483647;
			files = (
			);
			runOnlyForDeploymentPostprocessing = 0;
		};
/* End PBXFrameworksBuildPhase section */

/* Begin PBXGroup section */
		EC60C59E270F8441000ABB01 = {
			isa = PBXGroup;
			children = (
				EC60C5A3270F8441000ABB01 /* Shared */,
				EC60C5B2270F8442000ABB01 /* macOS */,
				EC60C5BB270F8442000ABB01 /* Tests iOS */,
				EC60C5C7270F8442000ABB01 /* Tests macOS */,
				EC60C5AC270F8442000ABB01 /* Products */,
			);
			sourceTree = "<group>";
		};
		EC60C5A3270F8441000ABB01 /* Shared */ = {
			isa = PBXGroup;
			children = (
				EC60C5A4270F8441000ABB01 /* playgroundApp.swift */,
				EC60C5A5270F8441000ABB01 /* ContentView.swift */,
				EC60C5A6270F8442000ABB01 /* Assets.xcassets */,
			);
			path = Shared;
			sourceTree = "<group>";
		};
		EC60C5AC270F8442000ABB01 /* Products */ = {
			isa = PBXGroup;
			children = (
				EC60C5AB270F8442000ABB01 /* playground.app */,
				EC60C5B1270F8442000ABB01 /* playground.app */,
				EC60C5B8270F8442000ABB01 /* Tests iOS.xctest */,
				EC60C5C4270F8442000ABB01 /* Tests macOS.xctest */,
			);
			name = Products;
			sourceTree = "<group>";
		};
		EC60C5B2270F8442000ABB01 /* macOS */ = {
			isa = PBXGroup;
			children = (
				EC60C5B3270F8442000ABB01 /* macOS.entitlements */,
			);
			path = macOS;
			sourceTree = "<group>";
		};
		EC60C5BB270F8442000ABB01 /* Tests iOS */ = {
			isa = PBXGroup;
			children = (
				EC60C5BC270F8442000ABB01 /* Tests_iOS.swift */,
				EC60C5BE270F8442000ABB01 /* Tests_iOSLaunchTests.swift */,
			);
			path = "Tests iOS";
			sourceTree = "<group>";
		};
		EC60C5C7270F8442000ABB01 /* Tests macOS */ = {
			isa = PBXGroup;
			children = (
				EC60C5C8270F8442000ABB01 /* Tests_macOS.swift */,
				EC60C5CA270F8442000ABB01 /* Tests_macOSLaunchTests.swift */,
			);
			path = "Tests macOS";
			sourceTree = "<group>";
		};
/* End PBXGroup section */

/* Begin PBXNativeTarget section */
		EC60C5AA270F8442000ABB01 /* playground (iOS) */ = {
			isa = PBXNativeTarget;
			buildConfigurationList = EC60C5D4270F8442000ABB01 /* Build configuration list for PBXNativeTarget "playground (iOS)" */;
			buildPhases = (
				EC60C5A7270F8442000ABB01 /* Sources */,
				EC60C5A8270F8442000ABB01 /* Frameworks */,
				EC60C5A9270F8442000ABB01 /* Resources */,
			);
			buildRules = (
			);
			dependencies = (
			);
			name = "playground (iOS)";
			productName = "playground (iOS)";
			productReference = EC60C5AB270F8442000ABB01 /* playground.app */;
			productType = "com.apple.product-type.application";
		};
		EC60C5B0270F8442000ABB01 /* playground (macOS) */ = {
			isa = PBXNativeTarget;
			buildConfigurationList = EC60C5D7270F8442000ABB01 /* Build configuration list for PBXNativeTarget "playground (macOS)" */;
			buildPhases = (
				EC60C5AD270F8442000ABB01 /* Sources */,
				EC60C5AE270F8442000ABB01 /* Frameworks */,
				EC60C5AF270F8442000ABB01 /* Resources */,
			);
			buildRules = (
			);
			dependencies = (
			);
			name = "playground (macOS)";
			productName = "playground (macOS)";
			productReference = EC60C5B1270F8442000ABB01 /* playground.app */;
			productType = "com.apple.product-type.application";
		};
		EC60C5B7270F8442000ABB01 /* Tests iOS */ = {
			isa = PBXNativeTarget;
			buildConfigurationList = EC60C5DA270F8442000ABB01 /* Build configuration list for PBXNativeTarget "Tests iOS" */;
			buildPhases = (
				EC60C5B4270F8442000ABB01 /* Sources */,
				EC60C5B5270F8442000ABB01 /* Frameworks */,
				EC60C5B6270F8442000ABB01 /* Resources */,
			);
			buildRules = (
			);
			dependencies = (
				EC60C5BA270F8442000ABB01 /* PBXTargetDependency */,
			);
			name = "Tests iOS";
			productName = "Tests iOS";
			productReference = EC60C5B8270F8442000ABB01 /* Tests iOS.xctest */;
			productType = "com.apple.product-type.bundle.ui-testing";
		};
		EC60C5C3270F8442000ABB01 /* Tests macOS */ = {
			isa = PBXNativeTarget;
			buildConfigurationList = EC60C5DD270F8442000ABB01 /* Build configuration list for PBXNativeTarget "Tests macOS" */;
			buildPhases = (
				EC60C5C0270F8442000ABB01 /* Sources */,
				EC60C5C1270F8442000ABB01 /* Frameworks */,
				EC60C5C2270F8442000ABB01 /* Resources */,
			);
			buildRules = (
			);
			dependencies = (
				EC60C5C6270F8442000ABB01 /* PBXTargetDependency */,
			);
			name = "Tests macOS";
			productName = "Tests macOS";
			productReference = EC60C5C4270F8442000ABB01 /* Tests macOS.xctest */;
			productType = "com.apple.product-type.bundle.ui-testing";
		};
/* End PBXNativeTarget section */

/* Begin PBXProject section */
		EC60C59F270F8441000ABB01 /* Project object */ = {
			isa = PBXProject;
			attributes = {
				BuildIndependentTargetsInParallel = 1;
				LastSwiftUpdateCheck = 1300;
				LastUpgradeCheck = 1300;
				TargetAttributes = {
					EC60C5AA270F8442000ABB01 = {
						CreatedOnToolsVersion = 13.0;
					};
					EC60C5B0270F8442000ABB01 = {
						CreatedOnToolsVersion = 13.0;
					};
					EC60C5B7270F8442000ABB01 = {
						CreatedOnToolsVersion = 13.0;
						TestTargetID = EC60C5AA270F8442000ABB01;
					};
					EC60C5C3270F8442000ABB01 = {
						CreatedOnToolsVersion = 13.0;
						TestTargetID = EC60C5B0270F8442000ABB01;
					};
				};
			};
			buildConfigurationList = EC60C5A2270F8441000ABB01 /* Build configuration list for PBXProject "playground" */;
			compatibilityVersion = "Xcode 13.0";
			developmentRegion = en;
			hasScannedForEncodings = 0;
			knownRegions = (
				en,
				Base,
			);
			mainGroup = EC60C59E270F8441000ABB01;
			productRefGroup = EC60C5AC270F8442000ABB01 /* Products */;
			projectDirPath = "";
			projectRoot = "";
			targets = (
				EC60C5AA270F8442000ABB01 /* playground (iOS) */,
				EC60C5B0270F8442000ABB01 /* playground (macOS) */,
				EC60C5B7270F8442000ABB01 /* Tests iOS */,
				EC60C5C3270F8442000ABB01 /* Tests macOS */,
			);
		};
/* End PBXProject section */

/* Begin PBXResourcesBuildPhase section */
		EC60C5A9270F8442000ABB01 /* Resources */ = {
			isa = PBXResourcesBuildPhase;
			buildActionMask = 2147483647;
			files = (
				EC60C5D0270F8442000ABB01 /* Assets.xcassets in Resources */,
			);
			runOnlyForDeploymentPostprocessing = 0;
		};
		EC60C5AF270F8442000ABB01 /* Resources */ = {
			isa = PBXResourcesBuildPhase;
			buildActionMask = 2147483647;
			files = (
				EC60C5D1270F8442000ABB01 /* Assets.xcassets in Resources */,
			);
			runOnlyForDeploymentPostprocessing = 0;
		};
		EC60C5B6270F8442000ABB01 /* Resources */ = {
			isa = PBXResourcesBuildPhase;
			buildActionMask = 2147483647;
			files = (
			);
			runOnlyForDeploymentPostprocessing = 0;
		};
		EC60C5C2270F8442000ABB01 /* Resources */ = {
			isa = PBXResourcesBuildPhase;
			buildActionMask = 2147483647;
			files = (
			);
			runOnlyForDeploymentPostprocessing = 0;
		};
/* End PBXResourcesBuildPhase section */

/* Begin PBXSourcesBuildPhase section */
		EC60C5A7270F8442000ABB01 /* Sources */ = {
			isa = PBXSourcesBuildPhase;
			buildActionMask = 2147483647;
			files = (
				EC60C5CE270F8442000ABB01 /* ContentView.swift in Sources */,
				EC60C5CC270F8442000ABB01 /* playgroundApp.swift in Sources */,
			);
			runOnlyForDeploymentPostprocessing = 0;
		};
		EC60C5AD270F8442000ABB01 /* Sources */ = {
			isa = PBXSourcesBuildPhase;
			buildActionMask = 2147483647;
			files = (
				EC60C5CF270F8442000ABB01 /* ContentView.swift in Sources */,
				EC60C5CD270F8442000ABB01 /* playgroundApp.swift in Sources */,
			);
			runOnlyForDeploymentPostprocessing = 0;
		};
		EC60C5B4270F8442000ABB01 /* Sources */ = {
			isa = PBXSourcesBuildPhase;
			buildActionMask = 2147483647;
			files = (
				EC60C5BF270F8442000ABB01 /* Tests_iOSLaunchTests.swift in Sources */,
				EC60C5BD270F8442000ABB01 /* Tests_iOS.swift in Sources */,
			);
			runOnlyForDeploymentPostprocessing = 0;
		};
		EC60C5C0270F8442000ABB01 /* Sources */ = {
			isa = PBXSourcesBuildPhase;
			buildActionMask = 2147483647;
			files = (
				EC60C5CB270F8442000ABB01 /* Tests_macOSLaunchTests.swift in Sources */,
				EC60C5C9270F8442000ABB01 /* Tests_macOS.swift in Sources */,
			);
			runOnlyForDeploymentPostprocessing = 0;
		};
/* End PBXSourcesBuildPhase section */

/* Begin PBXTargetDependency section */
		EC60C5BA270F8442000ABB01 /* PBXTargetDependency */ = {
			isa = PBXTargetDependency;
			target = EC60C5AA270F8442000ABB01 /* playground (iOS) */;
			targetProxy = EC60C5B9270F8442000ABB01 /* PBXContainerItemProxy */;
		};
		EC60C5C6270F8442000ABB01 /* PBXTargetDependency */ = {
			isa = PBXTargetDependency;
			target = EC60C5B0270F8442000ABB01 /* playground (macOS) */;
			targetProxy = EC60C5C5270F8442000ABB01 /* PBXContainerItemProxy */;
		};
/* End PBXTargetDependency section */

/* Begin XCBuildConfiguration section */
		EC60C5D2270F8442000ABB01 /* Debug */ = {
			isa = XCBuildConfiguration;
			buildSettings = {
				ALWAYS_SEARCH_USER_PATHS = NO;
				CLANG_ANALYZER_NONNULL = YES;
				CLANG_ANALYZER_NUMBER_OBJECT_CONVERSION = YES_AGGRESSIVE;
				CLANG_CXX_LANGUAGE_STANDARD = "gnu++17";
				CLANG_CXX_LIBRARY = "libc++";
				CLANG_ENABLE_MODULES = YES;
				CLANG_ENABLE_OBJC_ARC = YES;
				CLANG_ENABLE_OBJC_WEAK = YES;
				CLANG_WARN_BLOCK_CAPTURE_AUTORELEASING = YES;
				CLANG_WARN_BOOL_CONVERSION = YES;
				CLANG_WARN_COMMA = YES;
				CLANG_WARN_CONSTANT_CONVERSION = YES;
				CLANG_WARN_DEPRECATED_OBJC_IMPLEMENTATIONS = YES;
				CLANG_WARN_DIRECT_OBJC_ISA_USAGE = YES_ERROR;
				CLANG_WARN_DOCUMENTATION_COMMENTS = YES;
				CLANG_WARN_EMPTY_BODY = YES;
				CLANG_WARN_ENUM_CONVERSION = YES;
				CLANG_WARN_INFINITE_RECURSION = YES;
				CLANG_WARN_INT_CONVERSION = YES;
				CLANG_WARN_NON_LITERAL_NULL_CONVERSION = YES;
				CLANG_WARN_OBJC_IMPLICIT_RETAIN_SELF = YES;
				CLANG_WARN_OBJC_LITERAL_CONVERSION = YES;
				CLANG_WARN_OBJC_ROOT_CLASS = YES_ERROR;
				CLANG_WARN_QUOTED_INCLUDE_IN_FRAMEWORK_HEADER = YES;
				CLANG_WARN_RANGE_LOOP_ANALYSIS = YES;
				CLANG_WARN_STRICT_PROTOTYPES = YES;
				CLANG_WARN_SUSPICIOUS_MOVE = YES;
				CLANG_WARN_UNGUARDED_AVAILABILITY = YES_AGGRESSIVE;
				CLANG_WARN_UNREACHABLE_CODE = YES;
				CLANG_WARN__DUPLICATE_METHOD_MATCH = YES;
				COPY_PHASE_STRIP = NO;
				DEBUG_INFORMATION_FORMAT = dwarf;
				ENABLE_STRICT_OBJC_MSGSEND = YES;
				ENABLE_TESTABILITY = YES;
				GCC_C_LANGUAGE_STANDARD = gnu11;
				GCC_DYNAMIC_NO_PIC = NO;
				GCC_NO_COMMON_BLOCKS = YES;
				GCC_OPTIMIZATION_LEVEL = 0;
				GCC_PREPROCESSOR_DEFINITIONS = (
					"DEBUG=1",
					"$(inherited)",
				);
				GCC_WARN_64_TO_32_BIT_CONVERSION = YES;
				GCC_WARN_ABOUT_RETURN_TYPE = YES_ERROR;
				GCC_WARN_UNDECLARED_SELECTOR = YES;
				GCC_WARN_UNINITIALIZED_AUTOS = YES_AGGRESSIVE;
				GCC_WARN_UNUSED_FUNCTION = YES;
				GCC_WARN_UNUSED_VARIABLE = YES;
				MTL_ENABLE_DEBUG_INFO = INCLUDE_SOURCE;
				MTL_FAST_MATH = YES;
				ONLY_ACTIVE_ARCH = YES;
				SWIFT_ACTIVE_COMPILATION_CONDITIONS = DEBUG;
				SWIFT_OPTIMIZATION_LEVEL = "-Onone";
			};
			name = Debug;
		};
		EC60C5D3270F8442000ABB01 /* Release */ = {
			isa = XCBuildConfiguration;
			buildSettings = {
				ALWAYS_SEARCH_USER_PATHS = NO;
				CLANG_ANALYZER_NONNULL = YES;
				CLANG_ANALYZER_NUMBER_OBJECT_CONVERSION = YES_AGGRESSIVE;
				CLANG_CXX_LANGUAGE_STANDARD = "gnu++17";
				CLANG_CXX_LIBRARY = "libc++";
				CLANG_ENABLE_MODULES = YES;
				CLANG_ENABLE_OBJC_ARC = YES;
				CLANG_ENABLE_OBJC_WEAK = YES;
				CLANG_WARN_BLOCK_CAPTURE_AUTORELEASING = YES;
				CLANG_WARN_BOOL_CONVERSION = YES;
				CLANG_WARN_COMMA = YES;
				CLANG_WARN_CONSTANT_CONVERSION = YES;
				CLANG_WARN_DEPRECATED_OBJC_IMPLEMENTATIONS = YES;
				CLANG_WARN_DIRECT_OBJC_ISA_USAGE = YES_ERROR;
				CLANG_WARN_DOCUMENTATION_COMMENTS = YES;
				CLANG_WARN_EMPTY_BODY = YES;
				CLANG_WARN_ENUM_CONVERSION = YES;
				CLANG_WARN_INFINITE_RECURSION = YES;
				CLANG_WARN_INT_CONVERSION = YES;
				CLANG_WARN_NON_LITERAL_NULL_CONVERSION = YES;
				CLANG_WARN_OBJC_IMPLICIT_RETAIN_SELF = YES;
				CLANG_WARN_OBJC_LITERAL_CONVERSION = YES;
				CLANG_WARN_OBJC_ROOT_CLASS = YES_ERROR;
				CLANG_WARN_QUOTED_INCLUDE_IN_FRAMEWORK_HEADER = YES;
				CLANG_WARN_RANGE_LOOP_ANALYSIS = YES;
				CLANG_WARN_STRICT_PROTOTYPES = YES;
				CLANG_WARN_SUSPICIOUS_MOVE = YES;
				CLANG_WARN_UNGUARDED_AVAILABILITY = YES_AGGRESSIVE;
				CLANG_WARN_UNREACHABLE_CODE = YES;
				CLANG_WARN__DUPLICATE_METHOD_MATCH = YES;
				COPY_PHASE_STRIP = NO;
				DEBUG_INFORMATION_FORMAT = "dwarf-with-dsym";
				ENABLE_NS_ASSERTIONS = NO;
				ENABLE_STRICT_OBJC_MSGSEND = YES;
				GCC_C_LANGUAGE_STANDARD = gnu11;
				GCC_NO_COMMON_BLOCKS = YES;
				GCC_WARN_64_TO_32_BIT_CONVERSION = YES;
				GCC_WARN_ABOUT_RETURN_TYPE = YES_ERROR;
				GCC_WARN_UNDECLARED_SELECTOR = YES;
				GCC_WARN_UNINITIALIZED_AUTOS = YES_AGGRESSIVE;
				GCC_WARN_UNUSED_FUNCTION = YES;
				GCC_WARN_UNUSED_VARIABLE = YES;
				MTL_ENABLE_DEBUG_INFO = NO;
				MTL_FAST_MATH = YES;
				SWIFT_COMPILATION_MODE = wholemodule;
				SWIFT_OPTIMIZATION_LEVEL = "-O";
			};
			name = Release;
		};
		EC60C5D5270F8442000ABB01 /* Debug */ = {
			isa = XCBuildConfiguration;
			buildSettings = {
				ASSETCATALOG_COMPILER_APPICON_NAME = AppIcon;
				ASSETCATALOG_COMPILER_GLOBAL_ACCENT_COLOR_NAME = AccentColor;
				CODE_SIGN_STYLE = Automatic;
				CURRENT_PROJECT_VERSION = 1;
				DEVELOPMENT_TEAM = A4G3Y5XC83;
				ENABLE_PREVIEWS = YES;
				GENERATE_INFOPLIST_FILE = YES;
				INFOPLIST_KEY_UIApplicationSceneManifest_Generation = YES;
				INFOPLIST_KEY_UIApplicationSupportsIndirectInputEvents = YES;
				INFOPLIST_KEY_UILaunchScreen_Generation = YES;
				INFOPLIST_KEY_UISupportedInterfaceOrientations_iPad = "UIInterfaceOrientationPortrait UIInterfaceOrientationPortraitUpsideDown UIInterfaceOrientationLandscapeLeft UIInterfaceOrientationLandscapeRight";
				INFOPLIST_KEY_UISupportedInterfaceOrientations_iPhone = "UIInterfaceOrientationPortrait UIInterfaceOrientationLandscapeLeft UIInterfaceOrientationLandscapeRight";
				IPHONEOS_DEPLOYMENT_TARGET = 14.0;
				LD_RUNPATH_SEARCH_PATHS = (
					"$(inherited)",
					"@executable_path/Frameworks",
				);
				MARKETING_VERSION = 1.0;
				PRODUCT_BUNDLE_IDENTIFIER = com.matthewroche.playground;
				PRODUCT_NAME = playground;
				SDKROOT = iphoneos;
				SWIFT_EMIT_LOC_STRINGS = YES;
				SWIFT_VERSION = 5.0;
				TARGETED_DEVICE_FAMILY = "1,2";
			};
			name = Debug;
		};
		EC60C5D6270F8442000ABB01 /* Release */ = {
			isa = XCBuildConfiguration;
			buildSettings = {
				ASSETCATALOG_COMPILER_APPICON_NAME = AppIcon;
				ASSETCATALOG_COMPILER_GLOBAL_ACCENT_COLOR_NAME = AccentColor;
				CODE_SIGN_STYLE = Automatic;
				CURRENT_PROJECT_VERSION = 1;
				DEVELOPMENT_TEAM = A4G3Y5XC83;
				ENABLE_PREVIEWS = YES;
				GENERATE_INFOPLIST_FILE = YES;
				INFOPLIST_KEY_UIApplicationSceneManifest_Generation = YES;
				INFOPLIST_KEY_UIApplicationSupportsIndirectInputEvents = YES;
				INFOPLIST_KEY_UILaunchScreen_Generation = YES;
				INFOPLIST_KEY_UISupportedInterfaceOrientations_iPad = "UIInterfaceOrientationPortrait UIInterfaceOrientationPortraitUpsideDown UIInterfaceOrientationLandscapeLeft UIInterfaceOrientationLandscapeRight";
				INFOPLIST_KEY_UISupportedInterfaceOrientations_iPhone = "UIInterfaceOrientationPortrait UIInterfaceOrientationLandscapeLeft UIInterfaceOrientationLandscapeRight";
				IPHONEOS_DEPLOYMENT_TARGET = 14.0;
				LD_RUNPATH_SEARCH_PATHS = (
					"$(inherited)",
					"@executable_path/Frameworks",
				);
				MARKETING_VERSION = 1.0;
				PRODUCT_BUNDLE_IDENTIFIER = com.matthewroche.playground;
				PRODUCT_NAME = playground;
				SDKROOT = iphoneos;
				SWIFT_EMIT_LOC_STRINGS = YES;
				SWIFT_VERSION = 5.0;
				TARGETED_DEVICE_FAMILY = "1,2";
				VALIDATE_PRODUCT = YES;
			};
			name = Release;
		};
		EC60C5D8270F8442000ABB01 /* Debug */ = {
			isa = XCBuildConfiguration;
			buildSettings = {
				ASSETCATALOG_COMPILER_APPICON_NAME = AppIcon;
				ASSETCATALOG_COMPILER_GLOBAL_ACCENT_COLOR_NAME = AccentColor;
				CODE_SIGN_ENTITLEMENTS = macOS/macOS.entitlements;
				CODE_SIGN_STYLE = Automatic;
				COMBINE_HIDPI_IMAGES = YES;
				CURRENT_PROJECT_VERSION = 1;
				DEVELOPMENT_TEAM = A4G3Y5XC83;
				ENABLE_HARDENED_RUNTIME = YES;
				ENABLE_PREVIEWS = YES;
				GENERATE_INFOPLIST_FILE = YES;
				INFOPLIST_KEY_NSHumanReadableCopyright = "";
				LD_RUNPATH_SEARCH_PATHS = (
					"$(inherited)",
					"@executable_path/../Frameworks",
				);
				MACOSX_DEPLOYMENT_TARGET = 11.0;
				MARKETING_VERSION = 1.0;
				PRODUCT_BUNDLE_IDENTIFIER = com.matthewroche.playground;
				PRODUCT_NAME = playground;
				SDKROOT = macosx;
				SWIFT_EMIT_LOC_STRINGS = YES;
				SWIFT_VERSION = 5.0;
			};
			name = Debug;
		};
		EC60C5D9270F8442000ABB01 /* Release */ = {
			isa = XCBuildConfiguration;
			buildSettings = {
				ASSETCATALOG_COMPILER_APPICON_NAME = AppIcon;
				ASSETCATALOG_COMPILER_GLOBAL_ACCENT_COLOR_NAME = AccentColor;
				CODE_SIGN_ENTITLEMENTS = macOS/macOS.entitlements;
				CODE_SIGN_STYLE = Automatic;
				COMBINE_HIDPI_IMAGES = YES;
				CURRENT_PROJECT_VERSION = 1;
				DEVELOPMENT_TEAM = A4G3Y5XC83;
				ENABLE_HARDENED_RUNTIME = YES;
				ENABLE_PREVIEWS = YES;
				GENERATE_INFOPLIST_FILE = YES;
				INFOPLIST_KEY_NSHumanReadableCopyright = "";
				LD_RUNPATH_SEARCH_PATHS = (
					"$(inherited)",
					"@executable_path/../Frameworks",
				);
				MACOSX_DEPLOYMENT_TARGET = 11.0;
				MARKETING_VERSION = 1.0;
				PRODUCT_BUNDLE_IDENTIFIER = com.matthewroche.playground;
				PRODUCT_NAME = playground;
				SDKROOT = macosx;
				SWIFT_EMIT_LOC_STRINGS = YES;
				SWIFT_VERSION = 5.0;
			};
			name = Release;
		};
		EC60C5DB270F8442000ABB01 /* Debug */ = {
			isa = XCBuildConfiguration;
			buildSettings = {
				ALWAYS_EMBED_SWIFT_STANDARD_LIBRARIES = YES;
				CODE_SIGN_STYLE = Automatic;
				CURRENT_PROJECT_VERSION = 1;
				DEVELOPMENT_TEAM = A4G3Y5XC83;
				GENERATE_INFOPLIST_FILE = YES;
				IPHONEOS_DEPLOYMENT_TARGET = 15.0;
				LD_RUNPATH_SEARCH_PATHS = (
					"$(inherited)",
					"@executable_path/Frameworks",
					"@loader_path/Frameworks",
				);
				MARKETING_VERSION = 1.0;
				PRODUCT_BUNDLE_IDENTIFIER = "com.matthewroche.Tests-iOS";
				PRODUCT_NAME = "$(TARGET_NAME)";
				SDKROOT = iphoneos;
				SWIFT_EMIT_LOC_STRINGS = NO;
				SWIFT_VERSION = 5.0;
				TARGETED_DEVICE_FAMILY = "1,2";
				TEST_TARGET_NAME = "playground (iOS)";
			};
			name = Debug;
		};
		EC60C5DC270F8442000ABB01 /* Release */ = {
			isa = XCBuildConfiguration;
			buildSettings = {
				ALWAYS_EMBED_SWIFT_STANDARD_LIBRARIES = YES;
				CODE_SIGN_STYLE = Automatic;
				CURRENT_PROJECT_VERSION = 1;
				DEVELOPMENT_TEAM = A4G3Y5XC83;
				GENERATE_INFOPLIST_FILE = YES;
				IPHONEOS_DEPLOYMENT_TARGET = 15.0;
				LD_RUNPATH_SEARCH_PATHS = (
					"$(inherited)",
					"@executable_path/Frameworks",
					"@loader_path/Frameworks",
				);
				MARKETING_VERSION = 1.0;
				PRODUCT_BUNDLE_IDENTIFIER = "com.matthewroche.Tests-iOS";
				PRODUCT_NAME = "$(TARGET_NAME)";
				SDKROOT = iphoneos;
				SWIFT_EMIT_LOC_STRINGS = NO;
				SWIFT_VERSION = 5.0;
				TARGETED_DEVICE_FAMILY = "1,2";
				TEST_TARGET_NAME = "playground (iOS)";
				VALIDATE_PRODUCT = YES;
			};
			name = Release;
		};
		EC60C5DE270F8442000ABB01 /* Debug */ = {
			isa = XCBuildConfiguration;
			buildSettings = {
				ALWAYS_EMBED_SWIFT_STANDARD_LIBRARIES = YES;
				CODE_SIGN_STYLE = Automatic;
				COMBINE_HIDPI_IMAGES = YES;
				CURRENT_PROJECT_VERSION = 1;
				DEVELOPMENT_TEAM = A4G3Y5XC83;
				GENERATE_INFOPLIST_FILE = YES;
				LD_RUNPATH_SEARCH_PATHS = (
					"$(inherited)",
					"@executable_path/../Frameworks",
					"@loader_path/../Frameworks",
				);
				MACOSX_DEPLOYMENT_TARGET = 11.3;
				MARKETING_VERSION = 1.0;
				PRODUCT_BUNDLE_IDENTIFIER = "com.matthewroche.Tests-macOS";
				PRODUCT_NAME = "$(TARGET_NAME)";
				SDKROOT = macosx;
				SWIFT_EMIT_LOC_STRINGS = NO;
				SWIFT_VERSION = 5.0;
				TEST_TARGET_NAME = "playground (macOS)";
			};
			name = Debug;
		};
		EC60C5DF270F8442000ABB01 /* Release */ = {
			isa = XCBuildConfiguration;
			buildSettings = {
				ALWAYS_EMBED_SWIFT_STANDARD_LIBRARIES = YES;
				CODE_SIGN_STYLE = Automatic;
				COMBINE_HIDPI_IMAGES = YES;
				CURRENT_PROJECT_VERSION = 1;
				DEVELOPMENT_TEAM = A4G3Y5XC83;
				GENERATE_INFOPLIST_FILE = YES;
				LD_RUNPATH_SEARCH_PATHS = (
					"$(inherited)",
					"@executable_path/../Frameworks",
					"@loader_path/../Frameworks",
				);
				MACOSX_DEPLOYMENT_TARGET = 11.3;
				MARKETING_VERSION = 1.0;
				PRODUCT_BUNDLE_IDENTIFIER = "com.matthewroche.Tests-macOS";
				PRODUCT_NAME = "$(TARGET_NAME)";
				SDKROOT = macosx;
				SWIFT_EMIT_LOC_STRINGS = NO;
				SWIFT_VERSION = 5.0;
				TEST_TARGET_NAME = "playground (macOS)";
			};
			name = Release;
		};
/* End XCBuildConfiguration section */

/* Begin XCConfigurationList section */
		EC60C5A2270F8441000ABB01 /* Build configuration list for PBXProject "playground" */ = {
			isa = XCConfigurationList;
			buildConfigurations = (
				EC60C5D2270F8442000ABB01 /* Debug */,
				EC60C5D3270F8442000ABB01 /* Release */,
			);
			defaultConfigurationIsVisible = 0;
			defaultConfigurationName = Release;
		};
		EC60C5D4270F8442000ABB01 /* Build configuration list for PBXNativeTarget "playground (iOS)" */ = {
			isa = XCConfigurationList;
			buildConfigurations = (
				EC60C5D5270F8442000ABB01 /* Debug */,
				EC60C5D6270F8442000ABB01 /* Release */,
			);
			defaultConfigurationIsVisible = 0;
			defaultConfigurationName = Release;
		};
		EC60C5D7270F8442000ABB01 /* Build configuration list for PBXNativeTarget "playground (macOS)" */ = {
			isa = XCConfigurationList;
			buildConfigurations = (
				EC60C5D8270F8442000ABB01 /* Debug */,
				EC60C5D9270F8442000ABB01 /* Release */,
			);
			defaultConfigurationIsVisible = 0;
			defaultConfigurationName = Release;
		};
		EC60C5DA270F8442000ABB01 /* Build configuration list for PBXNativeTarget "Tests iOS" */ = {
			isa = XCConfigurationList;
			buildConfigurations = (
				EC60C5DB270F8442000ABB01 /* Debug */,
				EC60C5DC270F8442000ABB01 /* Release */,
			);
			defaultConfigurationIsVisible = 0;
			defaultConfigurationName = Release;
		};
		EC60C5DD270F8442000ABB01 /* Build configuration list for PBXNativeTarget "Tests macOS" */ = {
			isa = XCConfigurationList;
			buildConfigurations = (
				EC60C5DE270F8442000ABB01 /* Debug */,
				EC60C5DF270F8442000ABB01 /* Release */,
			);
			defaultConfigurationIsVisible = 0;
			defaultConfigurationName = Release;
		};
/* End XCConfigurationList section */
	};
	rootObject = EC60C59F270F8441000ABB01 /* Project object */;
}
